
Microsoft Visual Studio Solution File, Format Version 12.00
# Visual Studio 2013
VisualStudioVersion = 12.0.30723.0
MinimumVisualStudioVersion = 10.0.40219.1
Project("{FAE04EC0-301F-11D3-BF4B-00C04F79EFBC}") = "uFluent", "uFluent\uFluent.csproj", "{9BD82FB6-FCFA-4CCD-8EC6-D721BF7B41CA}"
EndProject
Project("{FAE04EC0-301F-11D3-BF4B-00C04F79EFBC}") = "uFluent.Migrate", "uFluent.Migrate\uFluent.Migrate.csproj", "{372B0B83-BBAA-402E-9637-B5862D578744}"
EndProject
Global
	GlobalSection(SolutionConfigurationPlatforms) = preSolution
		Debug|Any CPU = Debug|Any CPU
		Release|Any CPU = Release|Any CPU
	EndGlobalSection
	GlobalSection(ProjectConfigurationPlatforms) = postSolution
		{9BD82FB6-FCFA-4CCD-8EC6-D721BF7B41CA}.Debug|Any CPU.ActiveCfg = Debug|Any CPU
		{9BD82FB6-FCFA-4CCD-8EC6-D721BF7B41CA}.Debug|Any CPU.Build.0 = Debug|Any CPU
		{9BD82FB6-FCFA-4CCD-8EC6-D721BF7B41CA}.Release|Any CPU.ActiveCfg = Release|Any CPU
		{9BD82FB6-FCFA-4CCD-8EC6-D721BF7B41CA}.Release|Any CPU.Build.0 = Release|Any CPU
		{372B0B83-BBAA-402E-9637-B5862D578744}.Debug|Any CPU.ActiveCfg = Debug|Any CPU
		{372B0B83-BBAA-402E-9637-B5862D578744}.Debug|Any CPU.Build.0 = Debug|Any CPU
		{372B0B83-BBAA-402E-9637-B5862D578744}.Release|Any CPU.ActiveCfg = Release|Any CPU
		{372B0B83-BBAA-402E-9637-B5862D578744}.Release|Any CPU.Build.0 = Release|Any CPU
	EndGlobalSection
	GlobalSection(SolutionProperties) = preSolution
		HideSolutionNode = FALSE
	EndGlobalSection
EndGlobal
